
Microsoft Visual Studio Solution File, Format Version 12.00
# Visual Studio Version 16
VisualStudioVersion = 16.0.31624.102
MinimumVisualStudioVersion = 10.0.40219.1
Project("{9A19103F-16F7-4668-BE54-9A1E7A4F7556}") = "WearHouse_WebApp", "WearHouse_WebApp\WearHouse_WebApp.csproj", "{5FD9CE26-FD59-40D1-8843-462B7779F8A8}"
EndProject
Project("{FAE04EC0-301F-11D3-BF4B-00C04F79EFBC}") = "WearHouse_WebApp.Test.Unit", "WearHouse_WebApp.Test.Unit\WearHouse_WebApp.Test.Unit.csproj", "{8DF55069-5E3E-4903-9202-38CC2517DD79}"
EndProject
Global
	GlobalSection(SolutionConfigurationPlatforms) = preSolution
		Debug|Any CPU = Debug|Any CPU
		Release|Any CPU = Release|Any CPU
	EndGlobalSection
	GlobalSection(ProjectConfigurationPlatforms) = postSolution
		{5FD9CE26-FD59-40D1-8843-462B7779F8A8}.Debug|Any CPU.ActiveCfg = Debug|Any CPU
		{5FD9CE26-FD59-40D1-8843-462B7779F8A8}.Debug|Any CPU.Build.0 = Debug|Any CPU
		{5FD9CE26-FD59-40D1-8843-462B7779F8A8}.Release|Any CPU.ActiveCfg = Release|Any CPU
		{5FD9CE26-FD59-40D1-8843-462B7779F8A8}.Release|Any CPU.Build.0 = Release|Any CPU
		{8DF55069-5E3E-4903-9202-38CC2517DD79}.Debug|Any CPU.ActiveCfg = Debug|Any CPU
		{8DF55069-5E3E-4903-9202-38CC2517DD79}.Debug|Any CPU.Build.0 = Debug|Any CPU
		{8DF55069-5E3E-4903-9202-38CC2517DD79}.Release|Any CPU.ActiveCfg = Release|Any CPU
		{8DF55069-5E3E-4903-9202-38CC2517DD79}.Release|Any CPU.Build.0 = Release|Any CPU
	EndGlobalSection
	GlobalSection(SolutionProperties) = preSolution
		HideSolutionNode = FALSE
	EndGlobalSection
	GlobalSection(ExtensibilityGlobals) = postSolution
		SolutionGuid = {86AF5476-6E42-4B93-B185-107BC7BCE242}
	EndGlobalSection
EndGlobal
